
Microsoft Visual Studio Solution File, Format Version 12.00
# Visual Studio Version 16
VisualStudioVersion = 16.0.29926.136
MinimumVisualStudioVersion = 10.0.40219.1
Project("{FAE04EC0-301F-11D3-BF4B-00C04F79EFBC}") = "VroomAuto", "VroomAuto\VroomAuto.csproj", "{401E72CF-0894-4AC3-A4FC-A1BC31F2D244}"
EndProject
Project("{FAE04EC0-301F-11D3-BF4B-00C04F79EFBC}") = "VroomAuto.DataAccess", "VroomAuto.DataAccess\VroomAuto.DataAccess.csproj", "{1B1AF7DF-BD3B-4EBF-A283-D5DD304A4CDC}"
EndProject
Project("{FAE04EC0-301F-11D3-BF4B-00C04F79EFBC}") = "VroomAuto.AppLogic", "VroomAuto.AppLogic\VroomAuto.AppLogic.csproj", "{BDAECC29-636E-4D7A-9008-E107DF9D2F82}"
EndProject
Global
	GlobalSection(SolutionConfigurationPlatforms) = preSolution
		Debug|Any CPU = Debug|Any CPU
		Release|Any CPU = Release|Any CPU
	EndGlobalSection
	GlobalSection(ProjectConfigurationPlatforms) = postSolution
		{401E72CF-0894-4AC3-A4FC-A1BC31F2D244}.Debug|Any CPU.ActiveCfg = Debug|Any CPU
		{401E72CF-0894-4AC3-A4FC-A1BC31F2D244}.Debug|Any CPU.Build.0 = Debug|Any CPU
		{401E72CF-0894-4AC3-A4FC-A1BC31F2D244}.Release|Any CPU.ActiveCfg = Release|Any CPU
		{401E72CF-0894-4AC3-A4FC-A1BC31F2D244}.Release|Any CPU.Build.0 = Release|Any CPU
		{1B1AF7DF-BD3B-4EBF-A283-D5DD304A4CDC}.Debug|Any CPU.ActiveCfg = Debug|Any CPU
		{1B1AF7DF-BD3B-4EBF-A283-D5DD304A4CDC}.Debug|Any CPU.Build.0 = Debug|Any CPU
		{1B1AF7DF-BD3B-4EBF-A283-D5DD304A4CDC}.Release|Any CPU.ActiveCfg = Release|Any CPU
		{1B1AF7DF-BD3B-4EBF-A283-D5DD304A4CDC}.Release|Any CPU.Build.0 = Release|Any CPU
		{BDAECC29-636E-4D7A-9008-E107DF9D2F82}.Debug|Any CPU.ActiveCfg = Debug|Any CPU
		{BDAECC29-636E-4D7A-9008-E107DF9D2F82}.Debug|Any CPU.Build.0 = Debug|Any CPU
		{BDAECC29-636E-4D7A-9008-E107DF9D2F82}.Release|Any CPU.ActiveCfg = Release|Any CPU
		{BDAECC29-636E-4D7A-9008-E107DF9D2F82}.Release|Any CPU.Build.0 = Release|Any CPU
	EndGlobalSection
	GlobalSection(SolutionProperties) = preSolution
		HideSolutionNode = FALSE
	EndGlobalSection
	GlobalSection(ExtensibilityGlobals) = postSolution
		SolutionGuid = {51DF617B-E3BE-4664-92A2-471E6E6F4ACA}
	EndGlobalSection
EndGlobal
